
Microsoft Visual Studio Solution File, Format Version 12.00
# Visual Studio Version 16
VisualStudioVersion = 16.0.31613.86
MinimumVisualStudioVersion = 10.0.40219.1
Project("{FAE04EC0-301F-11D3-BF4B-00C04F79EFBC}") = "LinqSQL", "LinqSQL\LinqSQL.csproj", "{B40E9CEF-77AD-4BF8-AF53-2617A871CAB2}"
EndProject
Global
	GlobalSection(SolutionConfigurationPlatforms) = preSolution
		Debug|Any CPU = Debug|Any CPU
		Release|Any CPU = Release|Any CPU
	EndGlobalSection
	GlobalSection(ProjectConfigurationPlatforms) = postSolution
		{B40E9CEF-77AD-4BF8-AF53-2617A871CAB2}.Debug|Any CPU.ActiveCfg = Debug|Any CPU
		{B40E9CEF-77AD-4BF8-AF53-2617A871CAB2}.Debug|Any CPU.Build.0 = Debug|Any CPU
		{B40E9CEF-77AD-4BF8-AF53-2617A871CAB2}.Release|Any CPU.ActiveCfg = Release|Any CPU
		{B40E9CEF-77AD-4BF8-AF53-2617A871CAB2}.Release|Any CPU.Build.0 = Release|Any CPU
	EndGlobalSection
	GlobalSection(SolutionProperties) = preSolution
		HideSolutionNode = FALSE
	EndGlobalSection
	GlobalSection(ExtensibilityGlobals) = postSolution
		SolutionGuid = {BC2C4410-CFCD-4A8C-98D8-5F4A92433C0E}
	EndGlobalSection
EndGlobal
